<Solution>
  <Project Path="Assembly-CSharp.csproj" />
  <Project Path="UniversalPlatform.Features.Progress.csproj" />
  <Project Path="UniversalPlatform.Features.MainMenu.csproj" />
  <Project Path="UniversalPlatform.Shared.Editor.csproj" />
  <Project Path="UniversalPlatform.Features.ChapterSelect.Tests.Editor.csproj" />
  <Project Path="UniversalPlatform.Shared.csproj" />
  <Project Path="UniversalPlatform.Features.ChapterSelect.csproj" />
  <Project Path="UniversalPlatform.Features.Progress.Tests.Editor.csproj" />
  <Project Path="UniversalPlatform.Features.MainMenu.Tests.E2E.csproj" />
  <Project Path="UniversalPlatform.Features.Progress.Editor.csproj" />
  <Project Path="UniversalPlatform.Features.Progress.Tests.Integration.csproj" />
  <Project Path="UniversalPlatform.Features.MainMenu.Editor.csproj" />
  <Project Path="UniversalPlatform.Features.MainMenu.Tests.Editor.csproj" />
  <Project Path="UniversalPlatform.Features.ChapterSelect.Tests.E2E.csproj" />
  <Project Path="UniversalPlatform.Features.ChapterSelect.Tests.Integration.csproj" />
  <Project Path="UniversalPlatform.Features.ChapterSelect.Editor.csproj" />
  <Project Path="UniversalPlatform.Features.MainMenu.Tests.Integration.csproj" />
</Solution>
